
Microsoft Visual Studio Solution File, Format Version 12.00
# Visual Studio Version 17
VisualStudioVersion = 17.5.002.0
MinimumVisualStudioVersion = 10.0.40219.1
Project("{9A19103F-16F7-4668-BE54-9A1E7A4F7556}") = "test", "test.csproj", "{0100D7CA-E742-4999-BF0F-150E6E179B0D}"
EndProject
Global
	GlobalSection(SolutionConfigurationPlatforms) = preSolution
		Debug|Any CPU = Debug|Any CPU
		Release|Any CPU = Release|Any CPU
	EndGlobalSection
	GlobalSection(ProjectConfigurationPlatforms) = postSolution
		{0100D7CA-E742-4999-BF0F-150E6E179B0D}.Debug|Any CPU.ActiveCfg = Debug|Any CPU
		{0100D7CA-E742-4999-BF0F-150E6E179B0D}.Debug|Any CPU.Build.0 = Debug|Any CPU
		{0100D7CA-E742-4999-BF0F-150E6E179B0D}.Release|Any CPU.ActiveCfg = Release|Any CPU
		{0100D7CA-E742-4999-BF0F-150E6E179B0D}.Release|Any CPU.Build.0 = Release|Any CPU
	EndGlobalSection
	GlobalSection(SolutionProperties) = preSolution
		HideSolutionNode = FALSE
	EndGlobalSection
	GlobalSection(ExtensibilityGlobals) = postSolution
		SolutionGuid = {9748CE70-81B6-4070-B12B-70C177816ECD}
	EndGlobalSection
EndGlobal
